{
  "version": 1,
  "dependencies": {
    ".NETCoreApp,Version=v5.0": {
      "Azure.Storage.Blobs": {
        "type": "Direct",
        "requested": "[12.8.0, )",
        "resolved": "12.8.0",
        "contentHash": "LrnOTVdRk2n8obV8Z0R7ZpuFd6SlyxPiX4+M4TyCKbFEJlTPAStewqrXHr4JMDJYzn+b5sr1CMsz75CoHYabhg==",
        "dependencies": {
          "Azure.Storage.Common": "12.7.0",
          "System.Text.Json": "4.6.0"
        }
      },
      "Microsoft.AspNetCore.Http.Features": {
        "type": "Direct",
        "requested": "[5.0.3, )",
        "resolved": "5.0.3",
        "contentHash": "tFDyMSNGEp20NsCZINAbfyOn/21kpPnZoIADsca4ibdzCSfLnZaIxUu5d6o4dy/bBAE1vbdIxSB5e3FJrluCyA==",
        "dependencies": {
          "Microsoft.Extensions.Primitives": "5.0.0",
          "System.IO.Pipelines": "5.0.1"
        }
      },
      "System.ComponentModel.Annotations": {
        "type": "Direct",
        "requested": "[5.0.0, )",
        "resolved": "5.0.0",
        "contentHash": "dMkqfy2el8A8/I76n2Hi1oBFEbG1SfxD2l5nhwXV3XjlnOmwxJlQbYpJH4W51odnU9sARCSAgv7S3CyAFMkpYg=="
      },
      "Azure.Core": {
        "type": "Transitive",
        "resolved": "1.8.1",
        "contentHash": "BoGOCcdRa4ngAxBcyyndauFWgId6/SETDJnd9+4iHtXZ9JsVA4hs8pvK0H2ml4MHWwaYPmpepd70reAUm2u52g==",
        "dependencies": {
          "Microsoft.Bcl.AsyncInterfaces": "1.0.0",
          "System.Buffers": "4.5.0",
          "System.Diagnostics.DiagnosticSource": "4.6.0",
          "System.Memory": "4.5.3",
          "System.Numerics.Vectors": "4.5.0",
          "System.Text.Json": "4.6.0",
          "System.Threading.Tasks.Extensions": "4.5.2"
        }
      },
      "Azure.Storage.Common": {
        "type": "Transitive",
        "resolved": "12.7.0",
        "contentHash": "w2hcSk80NbkUIvb0x81zYAvpx7RzhRVJjWterjYpEI9DRNLoqxap3b7LOSnLfcA5jgSVaeKlOZzneUrXx7+wnA==",
        "dependencies": {
          "Azure.Core": "1.8.1"
        }
      },
      "Microsoft.Bcl.AsyncInterfaces": {
        "type": "Transitive",
        "resolved": "1.0.0",
        "contentHash": "K63Y4hORbBcKLWH5wnKgzyn7TOfYzevIEwIedQHBIkmkEBA9SCqgvom+XTuE+fAFGvINGkhFItaZ2dvMGdT5iw=="
      },
      "Microsoft.Extensions.Primitives": {
        "type": "Transitive",
        "resolved": "5.0.0",
        "contentHash": "cI/VWn9G1fghXrNDagX9nYaaB/nokkZn0HYAawGaELQrl8InSezfe9OnfPZLcJq3esXxygh3hkq2c3qoV3SDyQ=="
      },
      "System.Buffers": {
        "type": "Transitive",
        "resolved": "4.5.0",
        "contentHash": "pL2ChpaRRWI/p4LXyy4RgeWlYF2sgfj/pnVMvBqwNFr5cXg7CXNnWZWxrOONLg8VGdFB8oB+EG2Qw4MLgTOe+A=="
      },
      "System.Diagnostics.DiagnosticSource": {
        "type": "Transitive",
        "resolved": "4.6.0",
        "contentHash": "mbBgoR0rRfl2uimsZ2avZY8g7Xnh1Mza0rJZLPcxqiMWlkGukjmRkuMJ/er+AhQuiRIh80CR/Hpeztr80seV5g=="
      },
      "System.IO.Pipelines": {
        "type": "Transitive",
        "resolved": "5.0.1",
        "contentHash": "qEePWsaq9LoEEIqhbGe6D5J8c9IqQOUuTzzV6wn1POlfdLkJliZY3OlB0j0f17uMWlqZYjH7txj+2YbyrIA8Yg=="
      },
      "System.Memory": {
        "type": "Transitive",
        "resolved": "4.5.3",
        "contentHash": "3oDzvc/zzetpTKWMShs1AADwZjQ/36HnsufHRPcOjyRAAMLDlu2iD33MBI2opxnezcVUtXyqDXXjoFMOU9c7SA=="
      },
      "System.Numerics.Vectors": {
        "type": "Transitive",
        "resolved": "4.5.0",
        "contentHash": "QQTlPTl06J/iiDbJCiepZ4H//BVraReU4O4EoRw1U02H5TLUIT7xn3GnDp9AXPSlJUDyFs4uWjWafNX6WrAojQ=="
      },
      "System.Text.Json": {
        "type": "Transitive",
        "resolved": "4.6.0",
        "contentHash": "4F8Xe+JIkVoDJ8hDAZ7HqLkjctN/6WItJIzQaifBwClC7wmoLSda/Sv2i6i1kycqDb3hWF4JCVbpAweyOKHEUA=="
      },
      "System.Threading.Tasks.Extensions": {
        "type": "Transitive",
        "resolved": "4.5.2",
        "contentHash": "BG/TNxDFv0svAzx8OiMXDlsHfGw623BZ8tCXw4YLhDFDvDhNUEV58jKYMGRnkbJNm7c3JNNJDiN7JBMzxRBR2w=="
      }
    }
  }
}